
Microsoft Visual Studio Solution File, Format Version 12.00
# Visual Studio Version 17
VisualStudioVersion = 17.9.34902.65
MinimumVisualStudioVersion = 10.0.40219.1
Project("{FAE04EC0-301F-11D3-BF4B-00C04F79EFBC}") = "CakeShopProject", "CakeShopProject\CakeShopProject.csproj", "{125AECD9-B1F2-4F8A-A1DB-63760C31E4FF}"
EndProject
Global
	GlobalSection(SolutionConfigurationPlatforms) = preSolution
		Debug|Any CPU = Debug|Any CPU
		Release|Any CPU = Release|Any CPU
	EndGlobalSection
	GlobalSection(ProjectConfigurationPlatforms) = postSolution
		{125AECD9-B1F2-4F8A-A1DB-63760C31E4FF}.Debug|Any CPU.ActiveCfg = Debug|Any CPU
		{125AECD9-B1F2-4F8A-A1DB-63760C31E4FF}.Debug|Any CPU.Build.0 = Debug|Any CPU
		{125AECD9-B1F2-4F8A-A1DB-63760C31E4FF}.Release|Any CPU.ActiveCfg = Release|Any CPU
		{125AECD9-B1F2-4F8A-A1DB-63760C31E4FF}.Release|Any CPU.Build.0 = Release|Any CPU
	EndGlobalSection
	GlobalSection(SolutionProperties) = preSolution
		HideSolutionNode = FALSE
	EndGlobalSection
	GlobalSection(ExtensibilityGlobals) = postSolution
		SolutionGuid = {768FC177-66CA-4FE9-9C24-CF10572D6DC2}
	EndGlobalSection
EndGlobal
